
Microsoft Visual Studio Solution File, Format Version 12.00
# Visual Studio Version 17
VisualStudioVersion = 17.4.33213.308
MinimumVisualStudioVersion = 10.0.40219.1
Project("{FAE04EC0-301F-11D3-BF4B-00C04F79EFBC}") = "btkakademi_algoritma_tasarimi", "btkakademi_algoritma_tasarimi\btkakademi_algoritma_tasarimi.csproj", "{4380E4E6-1296-4E1D-8426-1671E1270174}"
EndProject
Global
	GlobalSection(SolutionConfigurationPlatforms) = preSolution
		Debug|Any CPU = Debug|Any CPU
		Release|Any CPU = Release|Any CPU
	EndGlobalSection
	GlobalSection(ProjectConfigurationPlatforms) = postSolution
		{4380E4E6-1296-4E1D-8426-1671E1270174}.Debug|Any CPU.ActiveCfg = Debug|Any CPU
		{4380E4E6-1296-4E1D-8426-1671E1270174}.Debug|Any CPU.Build.0 = Debug|Any CPU
		{4380E4E6-1296-4E1D-8426-1671E1270174}.Release|Any CPU.ActiveCfg = Release|Any CPU
		{4380E4E6-1296-4E1D-8426-1671E1270174}.Release|Any CPU.Build.0 = Release|Any CPU
	EndGlobalSection
	GlobalSection(SolutionProperties) = preSolution
		HideSolutionNode = FALSE
	EndGlobalSection
	GlobalSection(ExtensibilityGlobals) = postSolution
		SolutionGuid = {B543EA34-3DDC-4B41-BCCC-274F78B180ED}
	EndGlobalSection
EndGlobal
